
Microsoft Visual Studio Solution File, Format Version 12.00
# Visual Studio Version 16
VisualStudioVersion = 16.0.31129.286
MinimumVisualStudioVersion = 10.0.40219.1
Project("{FAE04EC0-301F-11D3-BF4B-00C04F79EFBC}") = "OwnAndResetAcl", "OwnAndResetAcl.csproj", "{17252154-3808-483A-B7A6-F5813A0E5BF5}"
EndProject
Global
	GlobalSection(SolutionConfigurationPlatforms) = preSolution
		Debug|Any CPU = Debug|Any CPU
		Release|Any CPU = Release|Any CPU
	EndGlobalSection
	GlobalSection(ProjectConfigurationPlatforms) = postSolution
		{17252154-3808-483A-B7A6-F5813A0E5BF5}.Debug|Any CPU.ActiveCfg = Debug|Any CPU
		{17252154-3808-483A-B7A6-F5813A0E5BF5}.Debug|Any CPU.Build.0 = Debug|Any CPU
		{17252154-3808-483A-B7A6-F5813A0E5BF5}.Release|Any CPU.ActiveCfg = Release|Any CPU
		{17252154-3808-483A-B7A6-F5813A0E5BF5}.Release|Any CPU.Build.0 = Release|Any CPU
	EndGlobalSection
	GlobalSection(SolutionProperties) = preSolution
		HideSolutionNode = FALSE
	EndGlobalSection
	GlobalSection(ExtensibilityGlobals) = postSolution
		SolutionGuid = {CF2EBA04-E840-4013-8E89-6ED7383BD10A}
	EndGlobalSection
EndGlobal
